
Microsoft Visual Studio Solution File, Format Version 12.00
# Visual Studio Version 17
VisualStudioVersion = 17.14.36414.22 d17.14
MinimumVisualStudioVersion = 10.0.40219.1
Project("{FAE04EC0-301F-11D3-BF4B-00C04F79EFBC}") = "ControleAtas", "ControleAtas\ControleAtas.csproj", "{D899CDB1-9DD1-4691-B819-5751DA13F5C3}"
EndProject
Global
	GlobalSection(SolutionConfigurationPlatforms) = preSolution
		Debug|Any CPU = Debug|Any CPU
		Release|Any CPU = Release|Any CPU
	EndGlobalSection
	GlobalSection(ProjectConfigurationPlatforms) = postSolution
		{D899CDB1-9DD1-4691-B819-5751DA13F5C3}.Debug|Any CPU.ActiveCfg = Debug|Any CPU
		{D899CDB1-9DD1-4691-B819-5751DA13F5C3}.Debug|Any CPU.Build.0 = Debug|Any CPU
		{D899CDB1-9DD1-4691-B819-5751DA13F5C3}.Release|Any CPU.ActiveCfg = Release|Any CPU
		{D899CDB1-9DD1-4691-B819-5751DA13F5C3}.Release|Any CPU.Build.0 = Release|Any CPU
	EndGlobalSection
	GlobalSection(SolutionProperties) = preSolution
		HideSolutionNode = FALSE
	EndGlobalSection
	GlobalSection(ExtensibilityGlobals) = postSolution
		SolutionGuid = {6A2CB63E-A795-4661-9232-F338CA9CBF80}
	EndGlobalSection
EndGlobal
