
Microsoft Visual Studio Solution File, Format Version 12.00
# Visual Studio Version 17
VisualStudioVersion = 17.14.36414.22 d17.14
MinimumVisualStudioVersion = 10.0.40219.1
Project("{FAE04EC0-301F-11D3-BF4B-00C04F79EFBC}") = "Desafio_Fast", "Desafio_Fast\Desafio_Fast.csproj", "{D123D85A-A44E-4EF9-B551-0C3E02BE594A}"
EndProject
Global
	GlobalSection(SolutionConfigurationPlatforms) = preSolution
		Debug|Any CPU = Debug|Any CPU
		Release|Any CPU = Release|Any CPU
	EndGlobalSection
	GlobalSection(ProjectConfigurationPlatforms) = postSolution
		{D123D85A-A44E-4EF9-B551-0C3E02BE594A}.Debug|Any CPU.ActiveCfg = Debug|Any CPU
		{D123D85A-A44E-4EF9-B551-0C3E02BE594A}.Debug|Any CPU.Build.0 = Debug|Any CPU
		{D123D85A-A44E-4EF9-B551-0C3E02BE594A}.Release|Any CPU.ActiveCfg = Release|Any CPU
		{D123D85A-A44E-4EF9-B551-0C3E02BE594A}.Release|Any CPU.Build.0 = Release|Any CPU
	EndGlobalSection
	GlobalSection(SolutionProperties) = preSolution
		HideSolutionNode = FALSE
	EndGlobalSection
	GlobalSection(ExtensibilityGlobals) = postSolution
		SolutionGuid = {B3F10882-9C1A-4E60-B468-64D2F0EE027F}
	EndGlobalSection
EndGlobal
